
Microsoft Visual Studio Solution File, Format Version 12.00
# Visual Studio Version 17
VisualStudioVersion = 17.13.35825.156 d17.13
MinimumVisualStudioVersion = 10.0.40219.1
Project("{FAE04EC0-301F-11D3-BF4B-00C04F79EFBC}") = "FirstTry.Android", "FirstTry\FirstTry.Android\FirstTry.Android.csproj", "{C9029942-CF52-4073-9CDC-6BC8BD03B3FD}"
EndProject
Project("{FAE04EC0-301F-11D3-BF4B-00C04F79EFBC}") = "FirstTry.iOS", "FirstTry\FirstTry.iOS\FirstTry.iOS.csproj", "{7EADFA5C-A846-4326-AA4A-B188879FEBE5}"
EndProject
Project("{FAE04EC0-301F-11D3-BF4B-00C04F79EFBC}") = "FirstTry", "FirstTry\FirstTry\FirstTry.csproj", "{675573D1-AF40-40E4-86FC-41776A6EFA82}"
EndProject
Global
	GlobalSection(SolutionConfigurationPlatforms) = preSolution
		Debug|Any CPU = Debug|Any CPU
		Release|Any CPU = Release|Any CPU
	EndGlobalSection
	GlobalSection(ProjectConfigurationPlatforms) = postSolution
		{C9029942-CF52-4073-9CDC-6BC8BD03B3FD}.Debug|Any CPU.ActiveCfg = Debug|Any CPU
		{C9029942-CF52-4073-9CDC-6BC8BD03B3FD}.Debug|Any CPU.Build.0 = Debug|Any CPU
		{C9029942-CF52-4073-9CDC-6BC8BD03B3FD}.Debug|Any CPU.Deploy.0 = Debug|Any CPU
		{C9029942-CF52-4073-9CDC-6BC8BD03B3FD}.Release|Any CPU.ActiveCfg = Release|Any CPU
		{C9029942-CF52-4073-9CDC-6BC8BD03B3FD}.Release|Any CPU.Build.0 = Release|Any CPU
		{C9029942-CF52-4073-9CDC-6BC8BD03B3FD}.Release|Any CPU.Deploy.0 = Release|Any CPU
		{7EADFA5C-A846-4326-AA4A-B188879FEBE5}.Debug|Any CPU.ActiveCfg = Debug|iPhone
		{7EADFA5C-A846-4326-AA4A-B188879FEBE5}.Debug|Any CPU.Build.0 = Debug|iPhone
		{7EADFA5C-A846-4326-AA4A-B188879FEBE5}.Debug|Any CPU.Deploy.0 = Debug|iPhone
		{7EADFA5C-A846-4326-AA4A-B188879FEBE5}.Release|Any CPU.ActiveCfg = Release|iPhoneSimulator
		{7EADFA5C-A846-4326-AA4A-B188879FEBE5}.Release|Any CPU.Build.0 = Release|iPhoneSimulator
		{7EADFA5C-A846-4326-AA4A-B188879FEBE5}.Release|Any CPU.Deploy.0 = Release|iPhoneSimulator
		{675573D1-AF40-40E4-86FC-41776A6EFA82}.Debug|Any CPU.ActiveCfg = Debug|Any CPU
		{675573D1-AF40-40E4-86FC-41776A6EFA82}.Debug|Any CPU.Build.0 = Debug|Any CPU
		{675573D1-AF40-40E4-86FC-41776A6EFA82}.Debug|Any CPU.Deploy.0 = Debug|Any CPU
		{675573D1-AF40-40E4-86FC-41776A6EFA82}.Release|Any CPU.ActiveCfg = Release|Any CPU
		{675573D1-AF40-40E4-86FC-41776A6EFA82}.Release|Any CPU.Build.0 = Release|Any CPU
		{675573D1-AF40-40E4-86FC-41776A6EFA82}.Release|Any CPU.Deploy.0 = Release|Any CPU
	EndGlobalSection
	GlobalSection(SolutionProperties) = preSolution
		HideSolutionNode = FALSE
	EndGlobalSection
	GlobalSection(ExtensibilityGlobals) = postSolution
		SolutionGuid = {8438B399-769C-48CE-901D-E1917A63DA9C}
	EndGlobalSection
EndGlobal
